// !$*UTF8*$!
{
	archiveVersion = 1;
	classes = {
	};
	objectVersion = 46;
	objects = {

/* Begin PBXBuildFile section */
		43156CDC0F55A71DC31924E2 /* Pods.framework in Frameworks */ = {isa = PBXBuildFile; fileRef = 80B900ABF36E25E657ED3FFF /* Pods.framework */; };
		496BA2361D41A528000C0B89 /* AppDelegate.swift in Sources */ = {isa = PBXBuildFile; fileRef = 496BA2351D41A528000C0B89 /* AppDelegate.swift */; };
		496BA2381D41A528000C0B89 /* ViewController.swift in Sources */ = {isa = PBXBuildFile; fileRef = 496BA2371D41A528000C0B89 /* ViewController.swift */; };
		496BA23B1D41A528000C0B89 /* Main.storyboard in Resources */ = {isa = PBXBuildFile; fileRef = 496BA2391D41A528000C0B89 /* Main.storyboard */; };
		496BA23D1D41A528000C0B89 /* Assets.xcassets in Resources */ = {isa = PBXBuildFile; fileRef = 496BA23C1D41A528000C0B89 /* Assets.xcassets */; };
		496BA2401D41A528000C0B89 /* LaunchScreen.storyboard in Resources */ = {isa = PBXBuildFile; fileRef = 496BA23E1D41A528000C0B89 /* LaunchScreen.storyboard */; };
		496BA24B1D41A528000C0B89 /* InteractiveAnimationWithPopTests.swift in Sources */ = {isa = PBXBuildFile; fileRef = 496BA24A1D41A528000C0B89 /* InteractiveAnimationWithPopTests.swift */; };
		496BA2571D41A67F000C0B89 /* DragView.swift in Sources */ = {isa = PBXBuildFile; fileRef = 496BA2561D41A67F000C0B89 /* DragView.swift */; };
/* End PBXBuildFile section */

/* Begin PBXContainerItemProxy section */
		496BA2471D41A528000C0B89 /* PBXContainerItemProxy */ = {
			isa = PBXContainerItemProxy;
			containerPortal = 496BA22A1D41A528000C0B89 /* Project object */;
			proxyType = 1;
			remoteGlobalIDString = 496BA2311D41A528000C0B89;
			remoteInfo = InteractiveAnimationWithPop;
		};
/* End PBXContainerItemProxy section */

/* Begin PBXFileReference section */
		496BA2321D41A528000C0B89 /* InteractiveAnimationWithPop.app */ = {isa = PBXFileReference; explicitFileType = wrapper.application; includeInIndex = 0; path = InteractiveAnimationWithPop.app; sourceTree = BUILT_PRODUCTS_DIR; };
		496BA2351D41A528000C0B89 /* AppDelegate.swift */ = {isa = PBXFileReference; lastKnownFileType = sourcecode.swift; path = AppDelegate.swift; sourceTree = "<group>"; };
		496BA2371D41A528000C0B89 /* ViewController.swift */ = {isa = PBXFileReference; lastKnownFileType = sourcecode.swift; path = ViewController.swift; sourceTree = "<group>"; };
		496BA23A1D41A528000C0B89 /* Base */ = {isa = PBXFileReference; lastKnownFileType = file.storyboard; name = Base; path = Base.lproj/Main.storyboard; sourceTree = "<group>"; };
		496BA23C1D41A528000C0B89 /* Assets.xcassets */ = {isa = PBXFileReference; lastKnownFileType = folder.assetcatalog; path = Assets.xcassets; sourceTree = "<group>"; };
		496BA23F1D41A528000C0B89 /* Base */ = {isa = PBXFileReference; lastKnownFileType = file.storyboard; name = Base; path = Base.lproj/LaunchScreen.storyboard; sourceTree = "<group>"; };
		496BA2411D41A528000C0B89 /* Info.plist */ = {isa = PBXFileReference; lastKnownFileType = text.plist.xml; path = Info.plist; sourceTree = "<group>"; };
		496BA2461D41A528000C0B89 /* InteractiveAnimationWithPopTests.xctest */ = {isa = PBXFileReference; explicitFileType = wrapper.cfbundle; includeInIndex = 0; path = InteractiveAnimationWithPopTests.xctest; sourceTree = BUILT_PRODUCTS_DIR; };
		496BA24A1D41A528000C0B89 /* InteractiveAnimationWithPopTests.swift */ = {isa = PBXFileReference; lastKnownFileType = sourcecode.swift; path = InteractiveAnimationWithPopTests.swift; sourceTree = "<group>"; };
		496BA24C1D41A528000C0B89 /* Info.plist */ = {isa = PBXFileReference; lastKnownFileType = text.plist.xml; path = Info.plist; sourceTree = "<group>"; };
		496BA2561D41A67F000C0B89 /* DragView.swift */ = {isa = PBXFileReference; fileEncoding = 4; lastKnownFileType = sourcecode.swift; path = DragView.swift; sourceTree = "<group>"; };
		6515C190E693371E3A6EC0F7 /* Pods.release.xcconfig */ = {isa = PBXFileReference; includeInIndex = 1; lastKnownFileType = text.xcconfig; name = Pods.release.xcconfig; path = "Pods/Target Support Files/Pods/Pods.release.xcconfig"; sourceTree = "<group>"; };
		80B900ABF36E25E657ED3FFF /* Pods.framework */ = {isa = PBXFileReference; explicitFileType = wrapper.framework; includeInIndex = 0; path = Pods.framework; sourceTree = BUILT_PRODUCTS_DIR; };
		D5633A864A1E196AD76A5BA1 /* Pods.debug.xcconfig */ = {isa = PBXFileReference; includeInIndex = 1; lastKnownFileType = text.xcconfig; name = Pods.debug.xcconfig; path = "Pods/Target Support Files/Pods/Pods.debug.xcconfig"; sourceTree = "<group>"; };
/* End PBXFileReference section */

/* Begin PBXFrameworksBuildPhase section */
		496BA22F1D41A528000C0B89 /* Frameworks */ = {
			isa = PBXFrameworksBuildPhase;
			buildActionMask = 2147483647;
			files = (
				43156CDC0F55A71DC31924E2 /* Pods.framework in Frameworks */,
			);
			runOnlyForDeploymentPostprocessing = 0;
		};
		496BA2431D41A528000C0B89 /* Frameworks */ = {
			isa = PBXFrameworksBuildPhase;
			buildActionMask = 2147483647;
			files = (
			);
			runOnlyForDeploymentPostprocessing = 0;
		};
/* End PBXFrameworksBuildPhase section */

/* Begin PBXGroup section */
		3935029CEF3098285A5F5B40 /* Pods */ = {
			isa = PBXGroup;
			children = (
				D5633A864A1E196AD76A5BA1 /* Pods.debug.xcconfig */,
				6515C190E693371E3A6EC0F7 /* Pods.release.xcconfig */,
			);
			name = Pods;
			sourceTree = "<group>";
		};
		496BA2291D41A528000C0B89 = {
			isa = PBXGroup;
			children = (
				496BA2341D41A528000C0B89 /* InteractiveAnimationWithPop */,
				496BA2491D41A528000C0B89 /* InteractiveAnimationWithPopTests */,
				496BA2331D41A528000C0B89 /* Products */,
				3935029CEF3098285A5F5B40 /* Pods */,
				E8C93010B9CFC39273F261DA /* Frameworks */,
			);
			sourceTree = "<group>";
		};
		496BA2331D41A528000C0B89 /* Products */ = {
			isa = PBXGroup;
			children = (
				496BA2321D41A528000C0B89 /* InteractiveAnimationWithPop.app */,
				496BA2461D41A528000C0B89 /* InteractiveAnimationWithPopTests.xctest */,
			);
			name = Products;
			sourceTree = "<group>";
		};
		496BA2341D41A528000C0B89 /* InteractiveAnimationWithPop */ = {
			isa = PBXGroup;
			children = (
				496BA2551D41A668000C0B89 /* View */,
				496BA2351D41A528000C0B89 /* AppDelegate.swift */,
				496BA2371D41A528000C0B89 /* ViewController.swift */,
				496BA2391D41A528000C0B89 /* Main.storyboard */,
				496BA23C1D41A528000C0B89 /* Assets.xcassets */,
				496BA23E1D41A528000C0B89 /* LaunchScreen.storyboard */,
				496BA2411D41A528000C0B89 /* Info.plist */,
			);
			path = InteractiveAnimationWithPop;
			sourceTree = "<group>";
		};
		496BA2491D41A528000C0B89 /* InteractiveAnimationWithPopTests */ = {
			isa = PBXGroup;
			children = (
				496BA24A1D41A528000C0B89 /* InteractiveAnimationWithPopTests.swift */,
				496BA24C1D41A528000C0B89 /* Info.plist */,
			);
			path = InteractiveAnimationWithPopTests;
			sourceTree = "<group>";
		};
		496BA2551D41A668000C0B89 /* View */ = {
			isa = PBXGroup;
			children = (
				496BA2561D41A67F000C0B89 /* DragView.swift */,
			);
			name = View;
			sourceTree = "<group>";
		};
		E8C93010B9CFC39273F261DA /* Frameworks */ = {
			isa = PBXGroup;
			children = (
				80B900ABF36E25E657ED3FFF /* Pods.framework */,
			);
			name = Frameworks;
			sourceTree = "<group>";
		};
/* End PBXGroup section */

/* Begin PBXNativeTarget section */
		496BA2311D41A528000C0B89 /* InteractiveAnimationWithPop */ = {
			isa = PBXNativeTarget;
			buildConfigurationList = 496BA24F1D41A528000C0B89 /* Build configuration list for PBXNativeTarget "InteractiveAnimationWithPop" */;
			buildPhases = (
				4B99F95FC517DBE6E7331342 /* Check Pods Manifest.lock */,
				496BA22E1D41A528000C0B89 /* Sources */,
				496BA22F1D41A528000C0B89 /* Frameworks */,
				496BA2301D41A528000C0B89 /* Resources */,
				8FC8BB3F882A3DAA48C4BB6A /* Embed Pods Frameworks */,
				50780E1DEDFED40D33830E88 /* Copy Pods Resources */,
			);
			buildRules = (
			);
			dependencies = (
			);
			name = InteractiveAnimationWithPop;
			productName = InteractiveAnimationWithPop;
			productReference = 496BA2321D41A528000C0B89 /* InteractiveAnimationWithPop.app */;
			productType = "com.apple.product-type.application";
		};
		496BA2451D41A528000C0B89 /* InteractiveAnimationWithPopTests */ = {
			isa = PBXNativeTarget;
			buildConfigurationList = 496BA2521D41A528000C0B89 /* Build configuration list for PBXNativeTarget "InteractiveAnimationWithPopTests" */;
			buildPhases = (
				496BA2421D41A528000C0B89 /* Sources */,
				496BA2431D41A528000C0B89 /* Frameworks */,
				496BA2441D41A528000C0B89 /* Resources */,
			);
			buildRules = (
			);
			dependencies = (
				496BA2481D41A528000C0B89 /* PBXTargetDependency */,
			);
			name = InteractiveAnimationWithPopTests;
			productName = InteractiveAnimationWithPopTests;
			productReference = 496BA2461D41A528000C0B89 /* InteractiveAnimationWithPopTests.xctest */;
			productType = "com.apple.product-type.bundle.unit-test";
		};
/* End PBXNativeTarget section */

/* Begin PBXProject section */
		496BA22A1D41A528000C0B89 /* Project object */ = {
			isa = PBXProject;
			attributes = {
				LastSwiftUpdateCheck = 0730;
				LastUpgradeCheck = 0730;
				ORGANIZATIONNAME = Andrew;
				TargetAttributes = {
					496BA2311D41A528000C0B89 = {
						CreatedOnToolsVersion = 7.3.1;
					};
					496BA2451D41A528000C0B89 = {
						CreatedOnToolsVersion = 7.3.1;
						TestTargetID = 496BA2311D41A528000C0B89;
					};
				};
			};
			buildConfigurationList = 496BA22D1D41A528000C0B89 /* Build configuration list for PBXProject "InteractiveAnimationWithPop" */;
			compatibilityVersion = "Xcode 3.2";
			developmentRegion = English;
			hasScannedForEncodings = 0;
			knownRegions = (
				en,
				Base,
			);
			mainGroup = 496BA2291D41A528000C0B89;
			productRefGroup = 496BA2331D41A528000C0B89 /* Products */;
			projectDirPath = "";
			projectRoot = "";
			targets = (
				496BA2311D41A528000C0B89 /* InteractiveAnimationWithPop */,
				496BA2451D41A528000C0B89 /* InteractiveAnimationWithPopTests */,
			);
		};
/* End PBXProject section */

/* Begin PBXResourcesBuildPhase section */
		496BA2301D41A528000C0B89 /* Resources */ = {
			isa = PBXResourcesBuildPhase;
			buildActionMask = 2147483647;
			files = (
				496BA2401D41A528000C0B89 /* LaunchScreen.storyboard in Resources */,
				496BA23D1D41A528000C0B89 /* Assets.xcassets in Resources */,
				496BA23B1D41A528000C0B89 /* Main.storyboard in Resources */,
			);
			runOnlyForDeploymentPostprocessing = 0;
		};
		496BA2441D41A528000C0B89 /* Resources */ = {
			isa = PBXResourcesBuildPhase;
			buildActionMask = 2147483647;
			files = (
			);
			runOnlyForDeploymentPostprocessing = 0;
		};
/* End PBXResourcesBuildPhase section */

/* Begin PBXShellScriptBuildPhase section */
		4B99F95FC517DBE6E7331342 /* Check Pods Manifest.lock */ = {
			isa = PBXShellScriptBuildPhase;
			buildActionMask = 2147483647;
			files = (
			);
			inputPaths = (
			);
			name = "Check Pods Manifest.lock";
			outputPaths = (
			);
			runOnlyForDeploymentPostprocessing = 0;
			shellPath = /bin/sh;
			shellScript = "diff \"${PODS_ROOT}/../Podfile.lock\" \"${PODS_ROOT}/Manifest.lock\" > /dev/null\nif [[ $? != 0 ]] ; then\n    cat << EOM\nerror: The sandbox is not in sync with the Podfile.lock. Run 'pod install' or update your CocoaPods installation.\nEOM\n    exit 1\nfi\n";
			showEnvVarsInLog = 0;
		};
		50780E1DEDFED40D33830E88 /* Copy Pods Resources */ = {
			isa = PBXShellScriptBuildPhase;
			buildActionMask = 2147483647;
			files = (
			);
			inputPaths = (
			);
			name = "Copy Pods Resources";
			outputPaths = (
			);
			runOnlyForDeploymentPostprocessing = 0;
			shellPath = /bin/sh;
			shellScript = "\"${SRCROOT}/Pods/Target Support Files/Pods/Pods-resources.sh\"\n";
			showEnvVarsInLog = 0;
		};
		8FC8BB3F882A3DAA48C4BB6A /* Embed Pods Frameworks */ = {
			isa = PBXShellScriptBuildPhase;
			buildActionMask = 2147483647;
			files = (
			);
			inputPaths = (
			);
			name = "Embed Pods Frameworks";
			outputPaths = (
			);
			runOnlyForDeploymentPostprocessing = 0;
			shellPath = /bin/sh;
			shellScript = "\"${SRCROOT}/Pods/Target Support Files/Pods/Pods-frameworks.sh\"\n";
			showEnvVarsInLog = 0;
		};
/* End PBXShellScriptBuildPhase section */

/* Begin PBXSourcesBuildPhase section */
		496BA22E1D41A528000C0B89 /* Sources */ = {
			isa = PBXSourcesBuildPhase;
			buildActionMask = 2147483647;
			files = (
				496BA2381D41A528000C0B89 /* ViewController.swift in Sources */,
				496BA2361D41A528000C0B89 /* AppDelegate.swift in Sources */,
				496BA2571D41A67F000C0B89 /* DragView.swift in Sources */,
			);
			runOnlyForDeploymentPostprocessing = 0;
		};
		496BA2421D41A528000C0B89 /* Sources */ = {
			isa = PBXSourcesBuildPhase;
			buildActionMask = 2147483647;
			files = (
				496BA24B1D41A528000C0B89 /* InteractiveAnimationWithPopTests.swift in Sources */,
			);
			runOnlyForDeploymentPostprocessing = 0;
		};
/* End PBXSourcesBuildPhase section */

/* Begin PBXTargetDependency section */
		496BA2481D41A528000C0B89 /* PBXTargetDependency */ = {
			isa = PBXTargetDependency;
			target = 496BA2311D41A528000C0B89 /* InteractiveAnimationWithPop */;
			targetProxy = 496BA2471D41A528000C0B89 /* PBXContainerItemProxy */;
		};
/* End PBXTargetDependency section */

/* Begin PBXVariantGroup section */
		496BA2391D41A528000C0B89 /* Main.storyboard */ = {
			isa = PBXVariantGroup;
			children = (
				496BA23A1D41A528000C0B89 /* Base */,
			);
			name = Main.storyboard;
			sourceTree = "<group>";
		};
		496BA23E1D41A528000C0B89 /* LaunchScreen.storyboard */ = {
			isa = PBXVariantGroup;
			children = (
				496BA23F1D41A528000C0B89 /* Base */,
			);
			name = LaunchScreen.storyboard;
			sourceTree = "<group>";
		};
/* End PBXVariantGroup section */

/* Begin XCBuildConfiguration section */
		496BA24D1D41A528000C0B89 /* Debug */ = {
			isa = XCBuildConfiguration;
			buildSettings = {
				ALWAYS_SEARCH_USER_PATHS = NO;
				CLANG_ANALYZER_NONNULL = YES;
				CLANG_CXX_LANGUAGE_STANDARD = "gnu++0x";
				CLANG_CXX_LIBRARY = "libc++";
				CLANG_ENABLE_MODULES = YES;
				CLANG_ENABLE_OBJC_ARC = YES;
				CLANG_WARN_BOOL_CONVERSION = YES;
				CLANG_WARN_CONSTANT_CONVERSION = YES;
				CLANG_WARN_DIRECT_OBJC_ISA_USAGE = YES_ERROR;
				CLANG_WARN_EMPTY_BODY = YES;
				CLANG_WARN_ENUM_CONVERSION = YES;
				CLANG_WARN_INT_CONVERSION = YES;
				CLANG_WARN_OBJC_ROOT_CLASS = YES_ERROR;
				CLANG_WARN_UNREACHABLE_CODE = YES;
				CLANG_WARN__DUPLICATE_METHOD_MATCH = YES;
				"CODE_SIGN_IDENTITY[sdk=iphoneos*]" = "iPhone Developer";
				COPY_PHASE_STRIP = NO;
				DEBUG_INFORMATION_FORMAT = dwarf;
				ENABLE_STRICT_OBJC_MSGSEND = YES;
				ENABLE_TESTABILITY = YES;
				GCC_C_LANGUAGE_STANDARD = gnu99;
				GCC_DYNAMIC_NO_PIC = NO;
				GCC_NO_COMMON_BLOCKS = YES;
				GCC_OPTIMIZATION_LEVEL = 0;
				GCC_PREPROCESSOR_DEFINITIONS = (
					"DEBUG=1",
					"$(inherited)",
				);
				GCC_WARN_64_TO_32_BIT_CONVERSION = YES;
				GCC_WARN_ABOUT_RETURN_TYPE = YES_ERROR;
				GCC_WARN_UNDECLARED_SELECTOR = YES;
				GCC_WARN_UNINITIALIZED_AUTOS = YES_AGGRESSIVE;
				GCC_WARN_UNUSED_FUNCTION = YES;
				GCC_WARN_UNUSED_VARIABLE = YES;
				IPHONEOS_DEPLOYMENT_TARGET = 9.3;
				MTL_ENABLE_DEBUG_INFO = YES;
				ONLY_ACTIVE_ARCH = YES;
				SDKROOT = iphoneos;
				SWIFT_OPTIMIZATION_LEVEL = "-Onone";
			};
			name = Debug;
		};
		496BA24E1D41A528000C0B89 /* Release */ = {
			isa = XCBuildConfiguration;
			buildSettings = {
				ALWAYS_SEARCH_USER_PATHS = NO;
				CLANG_ANALYZER_NONNULL = YES;
				CLANG_CXX_LANGUAGE_STANDARD = "gnu++0x";
				CLANG_CXX_LIBRARY = "libc++";
				CLANG_ENABLE_MODULES = YES;
				CLANG_ENABLE_OBJC_ARC = YES;
				CLANG_WARN_BOOL_CONVERSION = YES;
				CLANG_WARN_CONSTANT_CONVERSION = YES;
				CLANG_WARN_DIRECT_OBJC_ISA_USAGE = YES_ERROR;
				CLANG_WARN_EMPTY_BODY = YES;
				CLANG_WARN_ENUM_CONVERSION = YES;
				CLANG_WARN_INT_CONVERSION = YES;
				CLANG_WARN_OBJC_ROOT_CLASS = YES_ERROR;
				CLANG_WARN_UNREACHABLE_CODE = YES;
				CLANG_WARN__DUPLICATE_METHOD_MATCH = YES;
				"CODE_SIGN_IDENTITY[sdk=iphoneos*]" = "iPhone Developer";
				COPY_PHASE_STRIP = NO;
				DEBUG_INFORMATION_FORMAT = "dwarf-with-dsym";
				ENABLE_NS_ASSERTIONS = NO;
				ENABLE_STRICT_OBJC_MSGSEND = YES;
				GCC_C_LANGUAGE_STANDARD = gnu99;
				GCC_NO_COMMON_BLOCKS = YES;
				GCC_WARN_64_TO_32_BIT_CONVERSION = YES;
				GCC_WARN_ABOUT_RETURN_TYPE = YES_ERROR;
				GCC_WARN_UNDECLARED_SELECTOR = YES;
				GCC_WARN_UNINITIALIZED_AUTOS = YES_AGGRESSIVE;
				GCC_WARN_UNUSED_FUNCTION = YES;
				GCC_WARN_UNUSED_VARIABLE = YES;
				IPHONEOS_DEPLOYMENT_TARGET = 9.3;
				MTL_ENABLE_DEBUG_INFO = NO;
				SDKROOT = iphoneos;
				VALIDATE_PRODUCT = YES;
			};
			name = Release;
		};
		496BA2501D41A528000C0B89 /* Debug */ = {
			isa = XCBuildConfiguration;
			baseConfigurationReference = D5633A864A1E196AD76A5BA1 /* Pods.debug.xcconfig */;
			buildSettings = {
				ASSETCATALOG_COMPILER_APPICON_NAME = AppIcon;
				INFOPLIST_FILE = InteractiveAnimationWithPop/Info.plist;
				LD_RUNPATH_SEARCH_PATHS = "$(inherited) @executable_path/Frameworks";
				PRODUCT_BUNDLE_IDENTIFIER = com.tongli.InteractiveAnimationWithPop;
				PRODUCT_NAME = "$(TARGET_NAME)";
			};
			name = Debug;
		};
		496BA2511D41A528000C0B89 /* Release */ = {
			isa = XCBuildConfiguration;
			baseConfigurationReference = 6515C190E693371E3A6EC0F7 /* Pods.release.xcconfig */;
			buildSettings = {
				ASSETCATALOG_COMPILER_APPICON_NAME = AppIcon;
				INFOPLIST_FILE = InteractiveAnimationWithPop/Info.plist;
				LD_RUNPATH_SEARCH_PATHS = "$(inherited) @executable_path/Frameworks";
				PRODUCT_BUNDLE_IDENTIFIER = com.tongli.InteractiveAnimationWithPop;
				PRODUCT_NAME = "$(TARGET_NAME)";
			};
			name = Release;
		};
		496BA2531D41A528000C0B89 /* Debug */ = {
			isa = XCBuildConfiguration;
			buildSettings = {
				BUNDLE_LOADER = "$(TEST_HOST)";
				INFOPLIST_FILE = InteractiveAnimationWithPopTests/Info.plist;
				LD_RUNPATH_SEARCH_PATHS = "$(inherited) @executable_path/Frameworks @loader_path/Frameworks";
				PRODUCT_BUNDLE_IDENTIFIER = com.tongli.InteractiveAnimationWithPopTests;
				PRODUCT_NAME = "$(TARGET_NAME)";
				TEST_HOST = "$(BUILT_PRODUCTS_DIR)/InteractiveAnimationWithPop.app/InteractiveAnimationWithPop";
			};
			name = Debug;
		};
		496BA2541D41A528000C0B89 /* Release */ = {
			isa = XCBuildConfiguration;
			buildSettings = {
				BUNDLE_LOADER = "$(TEST_HOST)";
				INFOPLIST_FILE = InteractiveAnimationWithPopTests/Info.plist;
				LD_RUNPATH_SEARCH_PATHS = "$(inherited) @executable_path/Frameworks @loader_path/Frameworks";
				PRODUCT_BUNDLE_IDENTIFIER = com.tongli.InteractiveAnimationWithPopTests;
				PRODUCT_NAME = "$(TARGET_NAME)";
				TEST_HOST = "$(BUILT_PRODUCTS_DIR)/InteractiveAnimationWithPop.app/InteractiveAnimationWithPop";
			};
			name = Release;
		};
/* End XCBuildConfiguration section */

/* Begin XCConfigurationList section */
		496BA22D1D41A528000C0B89 /* Build configuration list for PBXProject "InteractiveAnimationWithPop" */ = {
			isa = XCConfigurationList;
			buildConfigurations = (
				496BA24D1D41A528000C0B89 /* Debug */,
				496BA24E1D41A528000C0B89 /* Release */,
			);
			defaultConfigurationIsVisible = 0;
			defaultConfigurationName = Release;
		};
		496BA24F1D41A528000C0B89 /* Build configuration list for PBXNativeTarget "InteractiveAnimationWithPop" */ = {
			isa = XCConfigurationList;
			buildConfigurations = (
				496BA2501D41A528000C0B89 /* Debug */,
				496BA2511D41A528000C0B89 /* Release */,
			);
			defaultConfigurationIsVisible = 0;
			defaultConfigurationName = Release;
		};
		496BA2521D41A528000C0B89 /* Build configuration list for PBXNativeTarget "InteractiveAnimationWithPopTests" */ = {
			isa = XCConfigurationList;
			buildConfigurations = (
				496BA2531D41A528000C0B89 /* Debug */,
				496BA2541D41A528000C0B89 /* Release */,
			);
			defaultConfigurationIsVisible = 0;
			defaultConfigurationName = Release;
		};
/* End XCConfigurationList section */
	};
	rootObject = 496BA22A1D41A528000C0B89 /* Project object */;
}
